
Microsoft Visual Studio Solution File, Format Version 12.00
# Visual Studio Version 17
VisualStudioVersion = 17.5.33516.290
MinimumVisualStudioVersion = 10.0.40219.1
Project("{FAE04EC0-301F-11D3-BF4B-00C04F79EFBC}") = "FirstTaskTuwaiq", "FirstTaskTuwaiq\FirstTaskTuwaiq.csproj", "{12C51A7B-97AC-4F6B-B964-51C803F4A660}"
EndProject
Global
	GlobalSection(SolutionConfigurationPlatforms) = preSolution
		Debug|Any CPU = Debug|Any CPU
		Release|Any CPU = Release|Any CPU
	EndGlobalSection
	GlobalSection(ProjectConfigurationPlatforms) = postSolution
		{12C51A7B-97AC-4F6B-B964-51C803F4A660}.Debug|Any CPU.ActiveCfg = Debug|Any CPU
		{12C51A7B-97AC-4F6B-B964-51C803F4A660}.Debug|Any CPU.Build.0 = Debug|Any CPU
		{12C51A7B-97AC-4F6B-B964-51C803F4A660}.Release|Any CPU.ActiveCfg = Release|Any CPU
		{12C51A7B-97AC-4F6B-B964-51C803F4A660}.Release|Any CPU.Build.0 = Release|Any CPU
	EndGlobalSection
	GlobalSection(SolutionProperties) = preSolution
		HideSolutionNode = FALSE
	EndGlobalSection
	GlobalSection(ExtensibilityGlobals) = postSolution
		SolutionGuid = {3801E1A2-CEFF-49F9-93DE-BD1FA4BD9E9F}
	EndGlobalSection
EndGlobal
